{
  "object": {
    "pins": [
      {
        "package": "MultiDatePicker",
        "repositoryURL": "https://github.com/divadretlaw/MultiDatePicker",
        "state": {
          "branch": null,
          "revision": "1c3b34437f9c22e16f1b7366e378e736c44b6a85",
          "version": "1.2.0"
        }
      }
    ]
  },
  "version": 1
}
