{
  "object": {
    "pins": [
      {
        "package": "MultiDatePicker",
        "repositoryURL": "https://github.com/divadretlaw/MultiDatePicker",
        "state": {
          "branch": null,
          "revision": "5ac885f01a5a96a25dc3d9e5bc0e4d8a5cdb8477",
          "version": "1.1.1"
        }
      }
    ]
  },
  "version": 1
}
